
Microsoft Visual Studio Solution File, Format Version 12.00
# Visual Studio 15
VisualStudioVersion = 15.0.27703.2026
MinimumVisualStudioVersion = 10.0.40219.1
Project("{2150E333-8FDC-42A3-9474-1A3956D46DE8}") = "3 - Applications", "3 - Applications", "{DBFF4D60-CA85-418C-89B1-2A7B5ABD8140}"
EndProject
Project("{2150E333-8FDC-42A3-9474-1A3956D46DE8}") = "1 - Presentation", "1 - Presentation", "{BCE812BA-816C-4BC8-80EF-A3D246B175F9}"
EndProject
Project("{2150E333-8FDC-42A3-9474-1A3956D46DE8}") = "4 - Domain", "4 - Domain", "{97770FA9-B348-4D17-8CE1-7F1EA32FE9E4}"
EndProject
Project("{2150E333-8FDC-42A3-9474-1A3956D46DE8}") = "2 - Services", "2 - Services", "{024E5103-F198-4927-9D02-CD64581A0AB2}"
EndProject
Project("{2150E333-8FDC-42A3-9474-1A3956D46DE8}") = "5 - Infra", "5 - Infra", "{0338B83F-E8B9-4004-B1D3-6931CAD80198}"
EndProject
Project("{2150E333-8FDC-42A3-9474-1A3956D46DE8}") = "5.1 Data", "5.1 Data", "{AFF73BF2-3F96-415D-B8E1-4243EE8C91E1}"
EndProject
Project("{2150E333-8FDC-42A3-9474-1A3956D46DE8}") = "5.2 CrossCutting", "5.2 CrossCutting", "{5B357465-DFD2-475F-A699-AFC18E36F37E}"
EndProject
Project("{FAE04EC0-301F-11D3-BF4B-00C04F79EFBC}") = "Eventos.IO.Domain", "src\Eventos.IO.Domain\Eventos.IO.Domain.csproj", "{06F755F8-48B0-4B4E-B4DF-839DE8BD512F}"
EndProject
Project("{FAE04EC0-301F-11D3-BF4B-00C04F79EFBC}") = "Eventos.IO.Domain.Core", "Event.IO.Domain.Core\Eventos.IO.Domain.Core.csproj", "{5D4718E2-CA61-476F-BE7C-45D3BD5E5005}"
EndProject
Project("{FAE04EC0-301F-11D3-BF4B-00C04F79EFBC}") = "ConsoleTesting", "src\ConsoleTesting\ConsoleTesting.csproj", "{8FBD687A-01EB-4588-8260-B9303BE6B0EB}"
EndProject
Global
	GlobalSection(SolutionConfigurationPlatforms) = preSolution
		Debug|Any CPU = Debug|Any CPU
		Release|Any CPU = Release|Any CPU
	EndGlobalSection
	GlobalSection(ProjectConfigurationPlatforms) = postSolution
		{06F755F8-48B0-4B4E-B4DF-839DE8BD512F}.Debug|Any CPU.ActiveCfg = Debug|Any CPU
		{06F755F8-48B0-4B4E-B4DF-839DE8BD512F}.Debug|Any CPU.Build.0 = Debug|Any CPU
		{06F755F8-48B0-4B4E-B4DF-839DE8BD512F}.Release|Any CPU.ActiveCfg = Release|Any CPU
		{06F755F8-48B0-4B4E-B4DF-839DE8BD512F}.Release|Any CPU.Build.0 = Release|Any CPU
		{5D4718E2-CA61-476F-BE7C-45D3BD5E5005}.Debug|Any CPU.ActiveCfg = Debug|Any CPU
		{5D4718E2-CA61-476F-BE7C-45D3BD5E5005}.Debug|Any CPU.Build.0 = Debug|Any CPU
		{5D4718E2-CA61-476F-BE7C-45D3BD5E5005}.Release|Any CPU.ActiveCfg = Release|Any CPU
		{5D4718E2-CA61-476F-BE7C-45D3BD5E5005}.Release|Any CPU.Build.0 = Release|Any CPU
		{8FBD687A-01EB-4588-8260-B9303BE6B0EB}.Debug|Any CPU.ActiveCfg = Debug|Any CPU
		{8FBD687A-01EB-4588-8260-B9303BE6B0EB}.Debug|Any CPU.Build.0 = Debug|Any CPU
		{8FBD687A-01EB-4588-8260-B9303BE6B0EB}.Release|Any CPU.ActiveCfg = Release|Any CPU
		{8FBD687A-01EB-4588-8260-B9303BE6B0EB}.Release|Any CPU.Build.0 = Release|Any CPU
	EndGlobalSection
	GlobalSection(SolutionProperties) = preSolution
		HideSolutionNode = FALSE
	EndGlobalSection
	GlobalSection(NestedProjects) = preSolution
		{AFF73BF2-3F96-415D-B8E1-4243EE8C91E1} = {0338B83F-E8B9-4004-B1D3-6931CAD80198}
		{5B357465-DFD2-475F-A699-AFC18E36F37E} = {0338B83F-E8B9-4004-B1D3-6931CAD80198}
		{06F755F8-48B0-4B4E-B4DF-839DE8BD512F} = {97770FA9-B348-4D17-8CE1-7F1EA32FE9E4}
		{5D4718E2-CA61-476F-BE7C-45D3BD5E5005} = {97770FA9-B348-4D17-8CE1-7F1EA32FE9E4}
		{8FBD687A-01EB-4588-8260-B9303BE6B0EB} = {97770FA9-B348-4D17-8CE1-7F1EA32FE9E4}
	EndGlobalSection
	GlobalSection(ExtensibilityGlobals) = postSolution
		SolutionGuid = {CCECAC6A-E768-4995-8C06-859EC92AB0A3}
	EndGlobalSection
EndGlobal
